
Microsoft Visual Studio Solution File, Format Version 12.00
# Visual Studio 15
VisualStudioVersion = 15.0.28307.106
MinimumVisualStudioVersion = 10.0.40219.1
Project("{FAE04EC0-301F-11D3-BF4B-00C04F79EFBC}") = "MapMaker", "MapMaker\MapMaker.csproj", "{17234046-98A0-47F7-995B-B486B188EF5B}"
EndProject
Project("{FAE04EC0-301F-11D3-BF4B-00C04F79EFBC}") = "MapMaker.Tests", "MapMaker.Tests\MapMaker.Tests.csproj", "{84A7CBCB-2677-494D-8A56-75A1549995BD}"
EndProject
Global
	GlobalSection(SolutionConfigurationPlatforms) = preSolution
		Debug|Any CPU = Debug|Any CPU
		Release|Any CPU = Release|Any CPU
	EndGlobalSection
	GlobalSection(ProjectConfigurationPlatforms) = postSolution
		{17234046-98A0-47F7-995B-B486B188EF5B}.Debug|Any CPU.ActiveCfg = Debug|Any CPU
		{17234046-98A0-47F7-995B-B486B188EF5B}.Debug|Any CPU.Build.0 = Debug|Any CPU
		{17234046-98A0-47F7-995B-B486B188EF5B}.Release|Any CPU.ActiveCfg = Release|Any CPU
		{17234046-98A0-47F7-995B-B486B188EF5B}.Release|Any CPU.Build.0 = Release|Any CPU
		{84A7CBCB-2677-494D-8A56-75A1549995BD}.Debug|Any CPU.ActiveCfg = Debug|Any CPU
		{84A7CBCB-2677-494D-8A56-75A1549995BD}.Debug|Any CPU.Build.0 = Debug|Any CPU
		{84A7CBCB-2677-494D-8A56-75A1549995BD}.Release|Any CPU.ActiveCfg = Release|Any CPU
		{84A7CBCB-2677-494D-8A56-75A1549995BD}.Release|Any CPU.Build.0 = Release|Any CPU
	EndGlobalSection
	GlobalSection(SolutionProperties) = preSolution
		HideSolutionNode = FALSE
	EndGlobalSection
	GlobalSection(ExtensibilityGlobals) = postSolution
		SolutionGuid = {E84E7F26-C51A-41AD-B86B-0BE4AF3D93BA}
	EndGlobalSection
EndGlobal
